
Microsoft Visual Studio Solution File, Format Version 12.00
# Visual Studio Version 17
VisualStudioVersion = 17.0.31912.275
MinimumVisualStudioVersion = 10.0.40219.1
Project("{FAE04EC0-301F-11D3-BF4B-00C04F79EFBC}") = "module2", "module2\module2.csproj", "{1BA1279E-B9D0-48FE-B0BA-4D94374E146B}"
EndProject
Global
	GlobalSection(SolutionConfigurationPlatforms) = preSolution
		Debug|Any CPU = Debug|Any CPU
		Release|Any CPU = Release|Any CPU
	EndGlobalSection
	GlobalSection(ProjectConfigurationPlatforms) = postSolution
		{1BA1279E-B9D0-48FE-B0BA-4D94374E146B}.Debug|Any CPU.ActiveCfg = Debug|Any CPU
		{1BA1279E-B9D0-48FE-B0BA-4D94374E146B}.Debug|Any CPU.Build.0 = Debug|Any CPU
		{1BA1279E-B9D0-48FE-B0BA-4D94374E146B}.Release|Any CPU.ActiveCfg = Release|Any CPU
		{1BA1279E-B9D0-48FE-B0BA-4D94374E146B}.Release|Any CPU.Build.0 = Release|Any CPU
	EndGlobalSection
	GlobalSection(SolutionProperties) = preSolution
		HideSolutionNode = FALSE
	EndGlobalSection
	GlobalSection(ExtensibilityGlobals) = postSolution
		SolutionGuid = {463C0A8D-A60F-447C-A05F-16DBB07B8351}
	EndGlobalSection
EndGlobal
